Microsoft Visual Studio Solution File, Format Version 12.00
# Visual Studio Version 17
VisualStudioVersion = 17.4.33213.308
MinimumVisualStudioVersion = 10.0.40219.1
Project("{9A19103F-16F7-4668-BE54-9A1E7A4F7556}") = "Enterprise.Solution.API", "Enterprise.Solution.API\Enterprise.Solution.API.csproj", "{BBEEA7B8-4C2F-4751-8E14-3F66DADD5FDC}"
EndProject
Project("{9A19103F-16F7-4668-BE54-9A1E7A4F7556}") = "Enterprise.Solution.Data", "Enterprise.Solution.Data\Enterprise.Solution.Data.csproj", "{553F211E-6C0D-448D-ACF1-FA1C96D234BA}"
EndProject
Project("{9A19103F-16F7-4668-BE54-9A1E7A4F7556}") = "Enterprise.Solution.Service", "Enterprise.Solution.Service\Enterprise.Solution.Service.csproj", "{14D0469A-72D6-4D28-900E-8100FE766FB3}"
EndProject
Project("{2150E333-8FDC-42A3-9474-1A3956D46DE8}") = "01 - Web", "01 - Web", "{3A3F116C-A96B-4A6C-9F96-6F742F87D1E8}"
EndProject
Project("{2150E333-8FDC-42A3-9474-1A3956D46DE8}") = "02 - Service", "02 - Service", "{5BD5D96E-9E0F-427D-8386-3A66AB08C973}"
EndProject
Project("{2150E333-8FDC-42A3-9474-1A3956D46DE8}") = "03 - Repository", "03 - Repository", "{67E45CA3-1048-47CF-81DE-9DB5CDD32A4F}"
EndProject
Project("{2150E333-8FDC-42A3-9474-1A3956D46DE8}") = "04 - Data", "04 - Data", "{191F99B9-11D3-484E-B6D2-079AAB17C7F9}"
EndProject
Project("{9A19103F-16F7-4668-BE54-9A1E7A4F7556}") = "Enterprise.Solution.Repository", "Enterprise.Solution.Repository\Enterprise.Solution.Repository.csproj", "{5C6FC947-4189-4291-9E59-B51BFDC664A9}"
EndProject
Global
	GlobalSection(SolutionConfigurationPlatforms) = preSolution
		Debug|Any CPU = Debug|Any CPU
		Release|Any CPU = Release|Any CPU
	EndGlobalSection
	GlobalSection(ProjectConfigurationPlatforms) = postSolution
		{BBEEA7B8-4C2F-4751-8E14-3F66DADD5FDC}.Debug|Any CPU.ActiveCfg = Debug|Any CPU
		{BBEEA7B8-4C2F-4751-8E14-3F66DADD5FDC}.Debug|Any CPU.Build.0 = Debug|Any CPU
		{BBEEA7B8-4C2F-4751-8E14-3F66DADD5FDC}.Release|Any CPU.ActiveCfg = Release|Any CPU
		{BBEEA7B8-4C2F-4751-8E14-3F66DADD5FDC}.Release|Any CPU.Build.0 = Release|Any CPU
		{553F211E-6C0D-448D-ACF1-FA1C96D234BA}.Debug|Any CPU.ActiveCfg = Debug|Any CPU
		{553F211E-6C0D-448D-ACF1-FA1C96D234BA}.Debug|Any CPU.Build.0 = Debug|Any CPU
		{553F211E-6C0D-448D-ACF1-FA1C96D234BA}.Release|Any CPU.ActiveCfg = Release|Any CPU
		{553F211E-6C0D-448D-ACF1-FA1C96D234BA}.Release|Any CPU.Build.0 = Release|Any CPU
		{14D0469A-72D6-4D28-900E-8100FE766FB3}.Debug|Any CPU.ActiveCfg = Debug|Any CPU
		{14D0469A-72D6-4D28-900E-8100FE766FB3}.Debug|Any CPU.Build.0 = Debug|Any CPU
		{14D0469A-72D6-4D28-900E-8100FE766FB3}.Release|Any CPU.ActiveCfg = Release|Any CPU
		{14D0469A-72D6-4D28-900E-8100FE766FB3}.Release|Any CPU.Build.0 = Release|Any CPU
		{5C6FC947-4189-4291-9E59-B51BFDC664A9}.Debug|Any CPU.ActiveCfg = Debug|Any CPU
		{5C6FC947-4189-4291-9E59-B51BFDC664A9}.Debug|Any CPU.Build.0 = Debug|Any CPU
		{5C6FC947-4189-4291-9E59-B51BFDC664A9}.Release|Any CPU.ActiveCfg = Release|Any CPU
		{5C6FC947-4189-4291-9E59-B51BFDC664A9}.Release|Any CPU.Build.0 = Release|Any CPU
	EndGlobalSection
	GlobalSection(SolutionProperties) = preSolution
		HideSolutionNode = FALSE
	EndGlobalSection
	GlobalSection(NestedProjects) = preSolution
		{BBEEA7B8-4C2F-4751-8E14-3F66DADD5FDC} = {3A3F116C-A96B-4A6C-9F96-6F742F87D1E8}
		{553F211E-6C0D-448D-ACF1-FA1C96D234BA} = {191F99B9-11D3-484E-B6D2-079AAB17C7F9}
		{14D0469A-72D6-4D28-900E-8100FE766FB3} = {5BD5D96E-9E0F-427D-8386-3A66AB08C973}
		{5C6FC947-4189-4291-9E59-B51BFDC664A9} = {67E45CA3-1048-47CF-81DE-9DB5CDD32A4F}
	EndGlobalSection
	GlobalSection(ExtensibilityGlobals) = postSolution
		SolutionGuid = {B960BDD9-B1C7-4C67-AEE6-8A68212C1785}
	EndGlobalSection
EndGlobal
